
Microsoft Visual Studio Solution File, Format Version 12.00
# Visual Studio Version 16
VisualStudioVersion = 16.0.31515.178
MinimumVisualStudioVersion = 10.0.40219.1
Project("{9A19103F-16F7-4668-BE54-9A1E7A4F7556}") = "ntwewy-db-generator", "ntwewy-db-generator\ntwewy-db-generator.csproj", "{90E96D40-BB00-496B-ACCE-9B3F1853F756}"
EndProject
Project("{FAE04EC0-301F-11D3-BF4B-00C04F79EFBC}") = "ntwewy-db", "ntwewy-db\ntwewy-db.csproj", "{9A6C9D2E-E15C-4FD3-94AB-051998646A2B}"
EndProject
Global
	GlobalSection(SolutionConfigurationPlatforms) = preSolution
		Debug|Any CPU = Debug|Any CPU
		Release|Any CPU = Release|Any CPU
	EndGlobalSection
	GlobalSection(ProjectConfigurationPlatforms) = postSolution
		{90E96D40-BB00-496B-ACCE-9B3F1853F756}.Debug|Any CPU.ActiveCfg = Debug|Any CPU
		{90E96D40-BB00-496B-ACCE-9B3F1853F756}.Debug|Any CPU.Build.0 = Debug|Any CPU
		{90E96D40-BB00-496B-ACCE-9B3F1853F756}.Release|Any CPU.ActiveCfg = Release|Any CPU
		{90E96D40-BB00-496B-ACCE-9B3F1853F756}.Release|Any CPU.Build.0 = Release|Any CPU
		{9A6C9D2E-E15C-4FD3-94AB-051998646A2B}.Debug|Any CPU.ActiveCfg = Debug|Any CPU
		{9A6C9D2E-E15C-4FD3-94AB-051998646A2B}.Debug|Any CPU.Build.0 = Debug|Any CPU
		{9A6C9D2E-E15C-4FD3-94AB-051998646A2B}.Release|Any CPU.ActiveCfg = Release|Any CPU
		{9A6C9D2E-E15C-4FD3-94AB-051998646A2B}.Release|Any CPU.Build.0 = Release|Any CPU
	EndGlobalSection
	GlobalSection(SolutionProperties) = preSolution
		HideSolutionNode = FALSE
	EndGlobalSection
	GlobalSection(ExtensibilityGlobals) = postSolution
		SolutionGuid = {91196FB3-BB7C-4075-8A5A-A1C5E7908660}
	EndGlobalSection
EndGlobal
